// !$*UTF8*$!
{
	archiveVersion = 1;
	classes = {
	};
	objectVersion = 55;
	objects = {

/* Begin PBXBuildFile section */
		B757788C27AAB555006AFBDE /* AppDelegate.swift in Sources */ = {isa = PBXBuildFile; fileRef = B757788B27AAB555006AFBDE /* AppDelegate.swift */; };
		B757789527AAB556006AFBDE /* Assets.xcassets in Resources */ = {isa = PBXBuildFile; fileRef = B757789427AAB556006AFBDE /* Assets.xcassets */; };
		B757789827AAB556006AFBDE /* LaunchScreen.storyboard in Resources */ = {isa = PBXBuildFile; fileRef = B757789627AAB556006AFBDE /* LaunchScreen.storyboard */; };
		B75778A027AAB619006AFBDE /* LoginView.swift in Sources */ = {isa = PBXBuildFile; fileRef = B757789F27AAB619006AFBDE /* LoginView.swift */; };
		B75778A227AAB621006AFBDE /* LoginViewController.swift in Sources */ = {isa = PBXBuildFile; fileRef = B75778A127AAB621006AFBDE /* LoginViewController.swift */; };
		B75778A727AABD43006AFBDE /* OnbordingContainerViewController.swift in Sources */ = {isa = PBXBuildFile; fileRef = B75778A627AABD43006AFBDE /* OnbordingContainerViewController.swift */; };
		B75E3A7527B7F2AE00CE3BC8 /* NSNotificationName.swift in Sources */ = {isa = PBXBuildFile; fileRef = B75E3A7427B7F2AE00CE3BC8 /* NSNotificationName.swift */; };
		B75E3A7727B89F9600CE3BC8 /* UITextField+SecureToggle.swift in Sources */ = {isa = PBXBuildFile; fileRef = B75E3A7627B89F9600CE3BC8 /* UITextField+SecureToggle.swift */; };
		B7C90C4927B2A09D003CD4A4 /* AccountSummaryCell.swift in Sources */ = {isa = PBXBuildFile; fileRef = B7C90C4827B2A09D003CD4A4 /* AccountSummaryCell.swift */; };
		B7C90C4F27B631A3003CD4A4 /* DecimelUtil.swift in Sources */ = {isa = PBXBuildFile; fileRef = B7C90C4E27B631A3003CD4A4 /* DecimelUtil.swift */; };
		B7C90C5127B631FA003CD4A4 /* CurrencyFormatter.swift in Sources */ = {isa = PBXBuildFile; fileRef = B7C90C5027B631FA003CD4A4 /* CurrencyFormatter.swift */; };
		B7C90C6027B68977003CD4A4 /* CurrencyFormatterTests.swift in Sources */ = {isa = PBXBuildFile; fileRef = B7C90C5F27B68977003CD4A4 /* CurrencyFormatterTests.swift */; };
		B7D79E9E27BA7F8E006156AD /* ShakeyBellView.swift in Sources */ = {isa = PBXBuildFile; fileRef = B7D79E9D27BA7F8E006156AD /* ShakeyBellView.swift */; };
		B7E78A5527AD331400556A96 /* OnbordingViewController.swift in Sources */ = {isa = PBXBuildFile; fileRef = B7E78A5427AD331400556A96 /* OnbordingViewController.swift */; };
		B7E78A5727AE5D8200556A96 /* DummyViewController.swift in Sources */ = {isa = PBXBuildFile; fileRef = B7E78A5627AE5D8200556A96 /* DummyViewController.swift */; };
		B7E78A5A27AE648200556A96 /* LocalState.swift in Sources */ = {isa = PBXBuildFile; fileRef = B7E78A5927AE648200556A96 /* LocalState.swift */; };
		B7E78A5C27AF599900556A96 /* UIViewController+Utils.swift in Sources */ = {isa = PBXBuildFile; fileRef = B7E78A5B27AF599900556A96 /* UIViewController+Utils.swift */; };
		B7E78A5E27AF6D6B00556A96 /* MainViewController.swift in Sources */ = {isa = PBXBuildFile; fileRef = B7E78A5D27AF6D6B00556A96 /* MainViewController.swift */; };
		B7E78A8527B136D700556A96 /* AccountSummaryViewController.swift in Sources */ = {isa = PBXBuildFile; fileRef = B7E78A8427B136D700556A96 /* AccountSummaryViewController.swift */; };
		B7E78A8727B13BE100556A96 /* AccountSummaryHeaderView.swift in Sources */ = {isa = PBXBuildFile; fileRef = B7E78A8627B13BE100556A96 /* AccountSummaryHeaderView.swift */; };
		B7E78A8927B13C8200556A96 /* AccountSummaryHeaderView.xib in Resources */ = {isa = PBXBuildFile; fileRef = B7E78A8827B13C8200556A96 /* AccountSummaryHeaderView.xib */; };
/* End PBXBuildFile section */

/* Begin PBXContainerItemProxy section */
		B7C90C5A27B63FEE003CD4A4 /* PBXContainerItemProxy */ = {
			isa = PBXContainerItemProxy;
			containerPortal = B757788027AAB555006AFBDE /* Project object */;
			proxyType = 1;
			remoteGlobalIDString = B757788727AAB555006AFBDE;
			remoteInfo = Banky2;
		};
/* End PBXContainerItemProxy section */

/* Begin PBXFileReference section */
		B757788827AAB555006AFBDE /* Banky2.app */ = {isa = PBXFileReference; explicitFileType = wrapper.application; includeInIndex = 0; path = Banky2.app; sourceTree = BUILT_PRODUCTS_DIR; };
		B757788B27AAB555006AFBDE /* AppDelegate.swift */ = {isa = PBXFileReference; lastKnownFileType = sourcecode.swift; path = AppDelegate.swift; sourceTree = "<group>"; };
		B757789427AAB556006AFBDE /* Assets.xcassets */ = {isa = PBXFileReference; lastKnownFileType = folder.assetcatalog; path = Assets.xcassets; sourceTree = "<group>"; };
		B757789727AAB556006AFBDE /* Base */ = {isa = PBXFileReference; lastKnownFileType = file.storyboard; name = Base; path = Base.lproj/LaunchScreen.storyboard; sourceTree = "<group>"; };
		B757789927AAB556006AFBDE /* Info.plist */ = {isa = PBXFileReference; lastKnownFileType = text.plist.xml; path = Info.plist; sourceTree = "<group>"; };
		B757789F27AAB619006AFBDE /* LoginView.swift */ = {isa = PBXFileReference; fileEncoding = 4; lastKnownFileType = sourcecode.swift; path = LoginView.swift; sourceTree = "<group>"; };
		B75778A127AAB621006AFBDE /* LoginViewController.swift */ = {isa = PBXFileReference; fileEncoding = 4; lastKnownFileType = sourcecode.swift; path = LoginViewController.swift; sourceTree = "<group>"; };
		B75778A627AABD43006AFBDE /* OnbordingContainerViewController.swift */ = {isa = PBXFileReference; lastKnownFileType = sourcecode.swift; path = OnbordingContainerViewController.swift; sourceTree = "<group>"; };
		B75E3A7427B7F2AE00CE3BC8 /* NSNotificationName.swift */ = {isa = PBXFileReference; lastKnownFileType = sourcecode.swift; path = NSNotificationName.swift; sourceTree = "<group>"; };
		B75E3A7627B89F9600CE3BC8 /* UITextField+SecureToggle.swift */ = {isa = PBXFileReference; lastKnownFileType = sourcecode.swift; path = "UITextField+SecureToggle.swift"; sourceTree = "<group>"; };
		B7C90C4827B2A09D003CD4A4 /* AccountSummaryCell.swift */ = {isa = PBXFileReference; lastKnownFileType = sourcecode.swift; path = AccountSummaryCell.swift; sourceTree = "<group>"; };
		B7C90C4E27B631A3003CD4A4 /* DecimelUtil.swift */ = {isa = PBXFileReference; lastKnownFileType = sourcecode.swift; path = DecimelUtil.swift; sourceTree = "<group>"; };
		B7C90C5027B631FA003CD4A4 /* CurrencyFormatter.swift */ = {isa = PBXFileReference; lastKnownFileType = sourcecode.swift; path = CurrencyFormatter.swift; sourceTree = "<group>"; };
		B7C90C5627B63FEE003CD4A4 /* Banky2UnitTests.xctest */ = {isa = PBXFileReference; explicitFileType = wrapper.cfbundle; includeInIndex = 0; path = Banky2UnitTests.xctest; sourceTree = BUILT_PRODUCTS_DIR; };
		B7C90C5F27B68977003CD4A4 /* CurrencyFormatterTests.swift */ = {isa = PBXFileReference; lastKnownFileType = sourcecode.swift; path = CurrencyFormatterTests.swift; sourceTree = "<group>"; };
		B7D79E9D27BA7F8E006156AD /* ShakeyBellView.swift */ = {isa = PBXFileReference; lastKnownFileType = sourcecode.swift; path = ShakeyBellView.swift; sourceTree = "<group>"; };
		B7E78A5427AD331400556A96 /* OnbordingViewController.swift */ = {isa = PBXFileReference; lastKnownFileType = sourcecode.swift; path = OnbordingViewController.swift; sourceTree = "<group>"; };
		B7E78A5627AE5D8200556A96 /* DummyViewController.swift */ = {isa = PBXFileReference; lastKnownFileType = sourcecode.swift; path = DummyViewController.swift; sourceTree = "<group>"; };
		B7E78A5927AE648200556A96 /* LocalState.swift */ = {isa = PBXFileReference; lastKnownFileType = sourcecode.swift; path = LocalState.swift; sourceTree = "<group>"; };
		B7E78A5B27AF599900556A96 /* UIViewController+Utils.swift */ = {isa = PBXFileReference; lastKnownFileType = sourcecode.swift; path = "UIViewController+Utils.swift"; sourceTree = "<group>"; };
		B7E78A5D27AF6D6B00556A96 /* MainViewController.swift */ = {isa = PBXFileReference; lastKnownFileType = sourcecode.swift; path = MainViewController.swift; sourceTree = "<group>"; };
		B7E78A8427B136D700556A96 /* AccountSummaryViewController.swift */ = {isa = PBXFileReference; lastKnownFileType = sourcecode.swift; path = AccountSummaryViewController.swift; sourceTree = "<group>"; };
		B7E78A8627B13BE100556A96 /* AccountSummaryHeaderView.swift */ = {isa = PBXFileReference; lastKnownFileType = sourcecode.swift; path = AccountSummaryHeaderView.swift; sourceTree = "<group>"; };
		B7E78A8827B13C8200556A96 /* AccountSummaryHeaderView.xib */ = {isa = PBXFileReference; lastKnownFileType = file.xib; path = AccountSummaryHeaderView.xib; sourceTree = "<group>"; };
/* End PBXFileReference section */

/* Begin PBXFrameworksBuildPhase section */
		B757788527AAB555006AFBDE /* Frameworks */ = {
			isa = PBXFrameworksBuildPhase;
			buildActionMask = 2147483647;
			files = (
			);
			runOnlyForDeploymentPostprocessing = 0;
		};
		B7C90C5327B63FEE003CD4A4 /* Frameworks */ = {
			isa = PBXFrameworksBuildPhase;
			buildActionMask = 2147483647;
			files = (
			);
			runOnlyForDeploymentPostprocessing = 0;
		};
/* End PBXFrameworksBuildPhase section */

/* Begin PBXGroup section */
		B757787F27AAB555006AFBDE = {
			isa = PBXGroup;
			children = (
				B757788A27AAB555006AFBDE /* Banky2 */,
				B7C90C5727B63FEE003CD4A4 /* Banky2UnitTests */,
				B757788927AAB555006AFBDE /* Products */,
			);
			sourceTree = "<group>";
		};
		B757788927AAB555006AFBDE /* Products */ = {
			isa = PBXGroup;
			children = (
				B757788827AAB555006AFBDE /* Banky2.app */,
				B7C90C5627B63FEE003CD4A4 /* Banky2UnitTests.xctest */,
			);
			name = Products;
			sourceTree = "<group>";
		};
		B757788A27AAB555006AFBDE /* Banky2 */ = {
			isa = PBXGroup;
			children = (
				B757788B27AAB555006AFBDE /* AppDelegate.swift */,
				B7E78A5D27AF6D6B00556A96 /* MainViewController.swift */,
				B75778A427AAB67B006AFBDE /* Login */,
				B75778A527AABD15006AFBDE /* Onbording */,
				B7E78A8327B136AF00556A96 /* AccountSummary */,
				B7E78A5827AE646E00556A96 /* Utils */,
				B7D79E9C27BA7F46006156AD /* Components */,
				B75778A327AAB648006AFBDE /* Files */,
				B757789927AAB556006AFBDE /* Info.plist */,
			);
			path = Banky2;
			sourceTree = "<group>";
		};
		B75778A327AAB648006AFBDE /* Files */ = {
			isa = PBXGroup;
			children = (
				B757789427AAB556006AFBDE /* Assets.xcassets */,
				B757789627AAB556006AFBDE /* LaunchScreen.storyboard */,
			);
			path = Files;
			sourceTree = "<group>";
		};
		B75778A427AAB67B006AFBDE /* Login */ = {
			isa = PBXGroup;
			children = (
				B75778A127AAB621006AFBDE /* LoginViewController.swift */,
				B757789F27AAB619006AFBDE /* LoginView.swift */,
				B7E78A5627AE5D8200556A96 /* DummyViewController.swift */,
			);
			path = Login;
			sourceTree = "<group>";
		};
		B75778A527AABD15006AFBDE /* Onbording */ = {
			isa = PBXGroup;
			children = (
				B75778A627AABD43006AFBDE /* OnbordingContainerViewController.swift */,
				B7E78A5427AD331400556A96 /* OnbordingViewController.swift */,
			);
			path = Onbording;
			sourceTree = "<group>";
		};
		B7C90C4627B2A056003CD4A4 /* Header */ = {
			isa = PBXGroup;
			children = (
				B7E78A8627B13BE100556A96 /* AccountSummaryHeaderView.swift */,
				B7E78A8827B13C8200556A96 /* AccountSummaryHeaderView.xib */,
			);
			path = Header;
			sourceTree = "<group>";
		};
		B7C90C4727B2A073003CD4A4 /* Cells */ = {
			isa = PBXGroup;
			children = (
				B7C90C4827B2A09D003CD4A4 /* AccountSummaryCell.swift */,
			);
			path = Cells;
			sourceTree = "<group>";
		};
		B7C90C5727B63FEE003CD4A4 /* Banky2UnitTests */ = {
			isa = PBXGroup;
			children = (
				B7C90C5F27B68977003CD4A4 /* CurrencyFormatterTests.swift */,
			);
			path = Banky2UnitTests;
			sourceTree = "<group>";
		};
		B7D79E9C27BA7F46006156AD /* Components */ = {
			isa = PBXGroup;
			children = (
				B7D79E9D27BA7F8E006156AD /* ShakeyBellView.swift */,
			);
			path = Components;
			sourceTree = "<group>";
		};
		B7E78A5827AE646E00556A96 /* Utils */ = {
			isa = PBXGroup;
			children = (
				B75E3A7627B89F9600CE3BC8 /* UITextField+SecureToggle.swift */,
				B7C90C4E27B631A3003CD4A4 /* DecimelUtil.swift */,
				B7E78A5927AE648200556A96 /* LocalState.swift */,
				B7E78A5B27AF599900556A96 /* UIViewController+Utils.swift */,
				B7C90C5027B631FA003CD4A4 /* CurrencyFormatter.swift */,
				B75E3A7427B7F2AE00CE3BC8 /* NSNotificationName.swift */,
			);
			path = Utils;
			sourceTree = "<group>";
		};
		B7E78A8327B136AF00556A96 /* AccountSummary */ = {
			isa = PBXGroup;
			children = (
				B7E78A8427B136D700556A96 /* AccountSummaryViewController.swift */,
				B7C90C4627B2A056003CD4A4 /* Header */,
				B7C90C4727B2A073003CD4A4 /* Cells */,
			);
			path = AccountSummary;
			sourceTree = "<group>";
		};
/* End PBXGroup section */

/* Begin PBXNativeTarget section */
		B757788727AAB555006AFBDE /* Banky2 */ = {
			isa = PBXNativeTarget;
			buildConfigurationList = B757789C27AAB556006AFBDE /* Build configuration list for PBXNativeTarget "Banky2" */;
			buildPhases = (
				B757788427AAB555006AFBDE /* Sources */,
				B757788527AAB555006AFBDE /* Frameworks */,
				B757788627AAB555006AFBDE /* Resources */,
			);
			buildRules = (
			);
			dependencies = (
			);
			name = Banky2;
			productName = Banky2;
			productReference = B757788827AAB555006AFBDE /* Banky2.app */;
			productType = "com.apple.product-type.application";
		};
		B7C90C5527B63FEE003CD4A4 /* Banky2UnitTests */ = {
			isa = PBXNativeTarget;
			buildConfigurationList = B7C90C5C27B63FEE003CD4A4 /* Build configuration list for PBXNativeTarget "Banky2UnitTests" */;
			buildPhases = (
				B7C90C5227B63FEE003CD4A4 /* Sources */,
				B7C90C5327B63FEE003CD4A4 /* Frameworks */,
				B7C90C5427B63FEE003CD4A4 /* Resources */,
			);
			buildRules = (
			);
			dependencies = (
				B7C90C5B27B63FEE003CD4A4 /* PBXTargetDependency */,
			);
			name = Banky2UnitTests;
			productName = Banky2UnitTests;
			productReference = B7C90C5627B63FEE003CD4A4 /* Banky2UnitTests.xctest */;
			productType = "com.apple.product-type.bundle.unit-test";
		};
/* End PBXNativeTarget section */

/* Begin PBXProject section */
		B757788027AAB555006AFBDE /* Project object */ = {
			isa = PBXProject;
			attributes = {
				BuildIndependentTargetsInParallel = 1;
				LastSwiftUpdateCheck = 1320;
				LastUpgradeCheck = 1320;
				TargetAttributes = {
					B757788727AAB555006AFBDE = {
						CreatedOnToolsVersion = 13.2.1;
					};
					B7C90C5527B63FEE003CD4A4 = {
						CreatedOnToolsVersion = 13.2.1;
						LastSwiftMigration = 1320;
						TestTargetID = B757788727AAB555006AFBDE;
					};
				};
			};
			buildConfigurationList = B757788327AAB555006AFBDE /* Build configuration list for PBXProject "Banky2" */;
			compatibilityVersion = "Xcode 13.0";
			developmentRegion = en;
			hasScannedForEncodings = 0;
			knownRegions = (
				en,
				Base,
			);
			mainGroup = B757787F27AAB555006AFBDE;
			productRefGroup = B757788927AAB555006AFBDE /* Products */;
			projectDirPath = "";
			projectRoot = "";
			targets = (
				B757788727AAB555006AFBDE /* Banky2 */,
				B7C90C5527B63FEE003CD4A4 /* Banky2UnitTests */,
			);
		};
/* End PBXProject section */

/* Begin PBXResourcesBuildPhase section */
		B757788627AAB555006AFBDE /* Resources */ = {
			isa = PBXResourcesBuildPhase;
			buildActionMask = 2147483647;
			files = (
				B7E78A8927B13C8200556A96 /* AccountSummaryHeaderView.xib in Resources */,
				B757789827AAB556006AFBDE /* LaunchScreen.storyboard in Resources */,
				B757789527AAB556006AFBDE /* Assets.xcassets in Resources */,
			);
			runOnlyForDeploymentPostprocessing = 0;
		};
		B7C90C5427B63FEE003CD4A4 /* Resources */ = {
			isa = PBXResourcesBuildPhase;
			buildActionMask = 2147483647;
			files = (
			);
			runOnlyForDeploymentPostprocessing = 0;
		};
/* End PBXResourcesBuildPhase section */

/* Begin PBXSourcesBuildPhase section */
		B757788427AAB555006AFBDE /* Sources */ = {
			isa = PBXSourcesBuildPhase;
			buildActionMask = 2147483647;
			files = (
				B7E78A5C27AF599900556A96 /* UIViewController+Utils.swift in Sources */,
				B757788C27AAB555006AFBDE /* AppDelegate.swift in Sources */,
				B7E78A5A27AE648200556A96 /* LocalState.swift in Sources */,
				B7E78A8727B13BE100556A96 /* AccountSummaryHeaderView.swift in Sources */,
				B75E3A7727B89F9600CE3BC8 /* UITextField+SecureToggle.swift in Sources */,
				B7C90C4927B2A09D003CD4A4 /* AccountSummaryCell.swift in Sources */,
				B7C90C5127B631FA003CD4A4 /* CurrencyFormatter.swift in Sources */,
				B7C90C4F27B631A3003CD4A4 /* DecimelUtil.swift in Sources */,
				B75E3A7527B7F2AE00CE3BC8 /* NSNotificationName.swift in Sources */,
				B7E78A5727AE5D8200556A96 /* DummyViewController.swift in Sources */,
				B7D79E9E27BA7F8E006156AD /* ShakeyBellView.swift in Sources */,
				B75778A727AABD43006AFBDE /* OnbordingContainerViewController.swift in Sources */,
				B75778A027AAB619006AFBDE /* LoginView.swift in Sources */,
				B7E78A5E27AF6D6B00556A96 /* MainViewController.swift in Sources */,
				B7E78A8527B136D700556A96 /* AccountSummaryViewController.swift in Sources */,
				B7E78A5527AD331400556A96 /* OnbordingViewController.swift in Sources */,
				B75778A227AAB621006AFBDE /* LoginViewController.swift in Sources */,
			);
			runOnlyForDeploymentPostprocessing = 0;
		};
		B7C90C5227B63FEE003CD4A4 /* Sources */ = {
			isa = PBXSourcesBuildPhase;
			buildActionMask = 2147483647;
			files = (
				B7C90C6027B68977003CD4A4 /* CurrencyFormatterTests.swift in Sources */,
			);
			runOnlyForDeploymentPostprocessing = 0;
		};
/* End PBXSourcesBuildPhase section */

/* Begin PBXTargetDependency section */
		B7C90C5B27B63FEE003CD4A4 /* PBXTargetDependency */ = {
			isa = PBXTargetDependency;
			target = B757788727AAB555006AFBDE /* Banky2 */;
			targetProxy = B7C90C5A27B63FEE003CD4A4 /* PBXContainerItemProxy */;
		};
/* End PBXTargetDependency section */

/* Begin PBXVariantGroup section */
		B757789627AAB556006AFBDE /* LaunchScreen.storyboard */ = {
			isa = PBXVariantGroup;
			children = (
				B757789727AAB556006AFBDE /* Base */,
			);
			name = LaunchScreen.storyboard;
			sourceTree = "<group>";
		};
/* End PBXVariantGroup section */

/* Begin XCBuildConfiguration section */
		B757789A27AAB556006AFBDE /* Debug */ = {
			isa = XCBuildConfiguration;
			buildSettings = {
				ALWAYS_SEARCH_USER_PATHS = NO;
				CLANG_ANALYZER_NONNULL = YES;
				CLANG_ANALYZER_NUMBER_OBJECT_CONVERSION = YES_AGGRESSIVE;
				CLANG_CXX_LANGUAGE_STANDARD = "gnu++17";
				CLANG_CXX_LIBRARY = "libc++";
				CLANG_ENABLE_MODULES = YES;
				CLANG_ENABLE_OBJC_ARC = YES;
				CLANG_ENABLE_OBJC_WEAK = YES;
				CLANG_WARN_BLOCK_CAPTURE_AUTORELEASING = YES;
				CLANG_WARN_BOOL_CONVERSION = YES;
				CLANG_WARN_COMMA = YES;
				CLANG_WARN_CONSTANT_CONVERSION = YES;
				CLANG_WARN_DEPRECATED_OBJC_IMPLEMENTATIONS = YES;
				CLANG_WARN_DIRECT_OBJC_ISA_USAGE = YES_ERROR;
				CLANG_WARN_DOCUMENTATION_COMMENTS = YES;
				CLANG_WARN_EMPTY_BODY = YES;
				CLANG_WARN_ENUM_CONVERSION = YES;
				CLANG_WARN_INFINITE_RECURSION = YES;
				CLANG_WARN_INT_CONVERSION = YES;
				CLANG_WARN_NON_LITERAL_NULL_CONVERSION = YES;
				CLANG_WARN_OBJC_IMPLICIT_RETAIN_SELF = YES;
				CLANG_WARN_OBJC_LITERAL_CONVERSION = YES;
				CLANG_WARN_OBJC_ROOT_CLASS = YES_ERROR;
				CLANG_WARN_QUOTED_INCLUDE_IN_FRAMEWORK_HEADER = YES;
				CLANG_WARN_RANGE_LOOP_ANALYSIS = YES;
				CLANG_WARN_STRICT_PROTOTYPES = YES;
				CLANG_WARN_SUSPICIOUS_MOVE = YES;
				CLANG_WARN_UNGUARDED_AVAILABILITY = YES_AGGRESSIVE;
				CLANG_WARN_UNREACHABLE_CODE = YES;
				CLANG_WARN__DUPLICATE_METHOD_MATCH = YES;
				COPY_PHASE_STRIP = NO;
				DEBUG_INFORMATION_FORMAT = dwarf;
				ENABLE_STRICT_OBJC_MSGSEND = YES;
				ENABLE_TESTABILITY = YES;
				GCC_C_LANGUAGE_STANDARD = gnu11;
				GCC_DYNAMIC_NO_PIC = NO;
				GCC_NO_COMMON_BLOCKS = YES;
				GCC_OPTIMIZATION_LEVEL = 0;
				GCC_PREPROCESSOR_DEFINITIONS = (
					"DEBUG=1",
					"$(inherited)",
				);
				GCC_WARN_64_TO_32_BIT_CONVERSION = YES;
				GCC_WARN_ABOUT_RETURN_TYPE = YES_ERROR;
				GCC_WARN_UNDECLARED_SELECTOR = YES;
				GCC_WARN_UNINITIALIZED_AUTOS = YES_AGGRESSIVE;
				GCC_WARN_UNUSED_FUNCTION = YES;
				GCC_WARN_UNUSED_VARIABLE = YES;
				IPHONEOS_DEPLOYMENT_TARGET = 15.2;
				MTL_ENABLE_DEBUG_INFO = INCLUDE_SOURCE;
				MTL_FAST_MATH = YES;
				ONLY_ACTIVE_ARCH = YES;
				SDKROOT = iphoneos;
				SWIFT_ACTIVE_COMPILATION_CONDITIONS = DEBUG;
				SWIFT_OPTIMIZATION_LEVEL = "-Onone";
			};
			name = Debug;
		};
		B757789B27AAB556006AFBDE /* Release */ = {
			isa = XCBuildConfiguration;
			buildSettings = {
				ALWAYS_SEARCH_USER_PATHS = NO;
				CLANG_ANALYZER_NONNULL = YES;
				CLANG_ANALYZER_NUMBER_OBJECT_CONVERSION = YES_AGGRESSIVE;
				CLANG_CXX_LANGUAGE_STANDARD = "gnu++17";
				CLANG_CXX_LIBRARY = "libc++";
				CLANG_ENABLE_MODULES = YES;
				CLANG_ENABLE_OBJC_ARC = YES;
				CLANG_ENABLE_OBJC_WEAK = YES;
				CLANG_WARN_BLOCK_CAPTURE_AUTORELEASING = YES;
				CLANG_WARN_BOOL_CONVERSION = YES;
				CLANG_WARN_COMMA = YES;
				CLANG_WARN_CONSTANT_CONVERSION = YES;
				CLANG_WARN_DEPRECATED_OBJC_IMPLEMENTATIONS = YES;
				CLANG_WARN_DIRECT_OBJC_ISA_USAGE = YES_ERROR;
				CLANG_WARN_DOCUMENTATION_COMMENTS = YES;
				CLANG_WARN_EMPTY_BODY = YES;
				CLANG_WARN_ENUM_CONVERSION = YES;
				CLANG_WARN_INFINITE_RECURSION = YES;
				CLANG_WARN_INT_CONVERSION = YES;
				CLANG_WARN_NON_LITERAL_NULL_CONVERSION = YES;
				CLANG_WARN_OBJC_IMPLICIT_RETAIN_SELF = YES;
				CLANG_WARN_OBJC_LITERAL_CONVERSION = YES;
				CLANG_WARN_OBJC_ROOT_CLASS = YES_ERROR;
				CLANG_WARN_QUOTED_INCLUDE_IN_FRAMEWORK_HEADER = YES;
				CLANG_WARN_RANGE_LOOP_ANALYSIS = YES;
				CLANG_WARN_STRICT_PROTOTYPES = YES;
				CLANG_WARN_SUSPICIOUS_MOVE = YES;
				CLANG_WARN_UNGUARDED_AVAILABILITY = YES_AGGRESSIVE;
				CLANG_WARN_UNREACHABLE_CODE = YES;
				CLANG_WARN__DUPLICATE_METHOD_MATCH = YES;
				COPY_PHASE_STRIP = NO;
				DEBUG_INFORMATION_FORMAT = "dwarf-with-dsym";
				ENABLE_NS_ASSERTIONS = NO;
				ENABLE_STRICT_OBJC_MSGSEND = YES;
				GCC_C_LANGUAGE_STANDARD = gnu11;
				GCC_NO_COMMON_BLOCKS = YES;
				GCC_WARN_64_TO_32_BIT_CONVERSION = YES;
				GCC_WARN_ABOUT_RETURN_TYPE = YES_ERROR;
				GCC_WARN_UNDECLARED_SELECTOR = YES;
				GCC_WARN_UNINITIALIZED_AUTOS = YES_AGGRESSIVE;
				GCC_WARN_UNUSED_FUNCTION = YES;
				GCC_WARN_UNUSED_VARIABLE = YES;
				IPHONEOS_DEPLOYMENT_TARGET = 15.2;
				MTL_ENABLE_DEBUG_INFO = NO;
				MTL_FAST_MATH = YES;
				SDKROOT = iphoneos;
				SWIFT_COMPILATION_MODE = wholemodule;
				SWIFT_OPTIMIZATION_LEVEL = "-O";
				VALIDATE_PRODUCT = YES;
			};
			name = Release;
		};
		B757789D27AAB556006AFBDE /* Debug */ = {
			isa = XCBuildConfiguration;
			buildSettings = {
				ASSETCATALOG_COMPILER_APPICON_NAME = AppIcon;
				ASSETCATALOG_COMPILER_GLOBAL_ACCENT_COLOR_NAME = AccentColor;
				CODE_SIGN_STYLE = Automatic;
				CURRENT_PROJECT_VERSION = 1;
				DEVELOPMENT_TEAM = CA9WMZNZUR;
				GENERATE_INFOPLIST_FILE = YES;
				INFOPLIST_FILE = Banky2/Info.plist;
				INFOPLIST_KEY_UIApplicationSupportsIndirectInputEvents = YES;
				INFOPLIST_KEY_UILaunchStoryboardName = LaunchScreen;
				INFOPLIST_KEY_UIMainStoryboardFile = "";
				INFOPLIST_KEY_UISupportedInterfaceOrientations_iPad = "UIInterfaceOrientationPortrait UIInterfaceOrientationPortraitUpsideDown UIInterfaceOrientationLandscapeLeft UIInterfaceOrientationLandscapeRight";
				INFOPLIST_KEY_UISupportedInterfaceOrientations_iPhone = "UIInterfaceOrientationPortrait UIInterfaceOrientationLandscapeLeft UIInterfaceOrientationLandscapeRight";
				LD_RUNPATH_SEARCH_PATHS = (
					"$(inherited)",
					"@executable_path/Frameworks",
				);
				MARKETING_VERSION = 1.0;
				PRODUCT_BUNDLE_IDENTIFIER = com.nonaka.Banky2;
				PRODUCT_NAME = "$(TARGET_NAME)";
				SWIFT_EMIT_LOC_STRINGS = YES;
				SWIFT_VERSION = 5.0;
				TARGETED_DEVICE_FAMILY = "1,2";
			};
			name = Debug;
		};
		B757789E27AAB556006AFBDE /* Release */ = {
			isa = XCBuildConfiguration;
			buildSettings = {
				ASSETCATALOG_COMPILER_APPICON_NAME = AppIcon;
				ASSETCATALOG_COMPILER_GLOBAL_ACCENT_COLOR_NAME = AccentColor;
				CODE_SIGN_STYLE = Automatic;
				CURRENT_PROJECT_VERSION = 1;
				DEVELOPMENT_TEAM = CA9WMZNZUR;
				GENERATE_INFOPLIST_FILE = YES;
				INFOPLIST_FILE = Banky2/Info.plist;
				INFOPLIST_KEY_UIApplicationSupportsIndirectInputEvents = YES;
				INFOPLIST_KEY_UILaunchStoryboardName = LaunchScreen;
				INFOPLIST_KEY_UIMainStoryboardFile = "";
				INFOPLIST_KEY_UISupportedInterfaceOrientations_iPad = "UIInterfaceOrientationPortrait UIInterfaceOrientationPortraitUpsideDown UIInterfaceOrientationLandscapeLeft UIInterfaceOrientationLandscapeRight";
				INFOPLIST_KEY_UISupportedInterfaceOrientations_iPhone = "UIInterfaceOrientationPortrait UIInterfaceOrientationLandscapeLeft UIInterfaceOrientationLandscapeRight";
				LD_RUNPATH_SEARCH_PATHS = (
					"$(inherited)",
					"@executable_path/Frameworks",
				);
				MARKETING_VERSION = 1.0;
				PRODUCT_BUNDLE_IDENTIFIER = com.nonaka.Banky2;
				PRODUCT_NAME = "$(TARGET_NAME)";
				SWIFT_EMIT_LOC_STRINGS = YES;
				SWIFT_VERSION = 5.0;
				TARGETED_DEVICE_FAMILY = "1,2";
			};
			name = Release;
		};
		B7C90C5D27B63FEE003CD4A4 /* Debug */ = {
			isa = XCBuildConfiguration;
			buildSettings = {
				BUNDLE_LOADER = "$(TEST_HOST)";
				CLANG_ENABLE_MODULES = YES;
				CODE_SIGN_STYLE = Automatic;
				CURRENT_PROJECT_VERSION = 1;
				DEVELOPMENT_TEAM = CA9WMZNZUR;
				GENERATE_INFOPLIST_FILE = YES;
				LD_RUNPATH_SEARCH_PATHS = (
					"$(inherited)",
					"@executable_path/Frameworks",
					"@loader_path/Frameworks",
				);
				MARKETING_VERSION = 1.0;
				PRODUCT_BUNDLE_IDENTIFIER = com.nonaka.Banky2UnitTests;
				PRODUCT_NAME = "$(TARGET_NAME)";
				SWIFT_EMIT_LOC_STRINGS = NO;
				SWIFT_OPTIMIZATION_LEVEL = "-Onone";
				SWIFT_VERSION = 5.0;
				TARGETED_DEVICE_FAMILY = "1,2";
				TEST_HOST = "$(BUILT_PRODUCTS_DIR)/Banky2.app/Banky2";
			};
			name = Debug;
		};
		B7C90C5E27B63FEE003CD4A4 /* Release */ = {
			isa = XCBuildConfiguration;
			buildSettings = {
				BUNDLE_LOADER = "$(TEST_HOST)";
				CLANG_ENABLE_MODULES = YES;
				CODE_SIGN_STYLE = Automatic;
				CURRENT_PROJECT_VERSION = 1;
				DEVELOPMENT_TEAM = CA9WMZNZUR;
				GENERATE_INFOPLIST_FILE = YES;
				LD_RUNPATH_SEARCH_PATHS = (
					"$(inherited)",
					"@executable_path/Frameworks",
					"@loader_path/Frameworks",
				);
				MARKETING_VERSION = 1.0;
				PRODUCT_BUNDLE_IDENTIFIER = com.nonaka.Banky2UnitTests;
				PRODUCT_NAME = "$(TARGET_NAME)";
				SWIFT_EMIT_LOC_STRINGS = NO;
				SWIFT_VERSION = 5.0;
				TARGETED_DEVICE_FAMILY = "1,2";
				TEST_HOST = "$(BUILT_PRODUCTS_DIR)/Banky2.app/Banky2";
			};
			name = Release;
		};
/* End XCBuildConfiguration section */

/* Begin XCConfigurationList section */
		B757788327AAB555006AFBDE /* Build configuration list for PBXProject "Banky2" */ = {
			isa = XCConfigurationList;
			buildConfigurations = (
				B757789A27AAB556006AFBDE /* Debug */,
				B757789B27AAB556006AFBDE /* Release */,
			);
			defaultConfigurationIsVisible = 0;
			defaultConfigurationName = Release;
		};
		B757789C27AAB556006AFBDE /* Build configuration list for PBXNativeTarget "Banky2" */ = {
			isa = XCConfigurationList;
			buildConfigurations = (
				B757789D27AAB556006AFBDE /* Debug */,
				B757789E27AAB556006AFBDE /* Release */,
			);
			defaultConfigurationIsVisible = 0;
			defaultConfigurationName = Release;
		};
		B7C90C5C27B63FEE003CD4A4 /* Build configuration list for PBXNativeTarget "Banky2UnitTests" */ = {
			isa = XCConfigurationList;
			buildConfigurations = (
				B7C90C5D27B63FEE003CD4A4 /* Debug */,
				B7C90C5E27B63FEE003CD4A4 /* Release */,
			);
			defaultConfigurationIsVisible = 0;
			defaultConfigurationName = Release;
		};
/* End XCConfigurationList section */
	};
	rootObject = B757788027AAB555006AFBDE /* Project object */;
}
